
Microsoft Visual Studio Solution File, Format Version 12.00
# Visual Studio Version 17
VisualStudioVersion = 17.6.33712.159
MinimumVisualStudioVersion = 10.0.40219.1
Project("{FAE04EC0-301F-11D3-BF4B-00C04F79EFBC}") = "3", "3\3.csproj", "{F24F6600-2E3D-4AA7-8A38-4072ECE23DB4}"
EndProject
Global
	GlobalSection(SolutionConfigurationPlatforms) = preSolution
		Debug|Any CPU = Debug|Any CPU
		Release|Any CPU = Release|Any CPU
	EndGlobalSection
	GlobalSection(ProjectConfigurationPlatforms) = postSolution
		{F24F6600-2E3D-4AA7-8A38-4072ECE23DB4}.Debug|Any CPU.ActiveCfg = Debug|Any CPU
		{F24F6600-2E3D-4AA7-8A38-4072ECE23DB4}.Debug|Any CPU.Build.0 = Debug|Any CPU
		{F24F6600-2E3D-4AA7-8A38-4072ECE23DB4}.Release|Any CPU.ActiveCfg = Release|Any CPU
		{F24F6600-2E3D-4AA7-8A38-4072ECE23DB4}.Release|Any CPU.Build.0 = Release|Any CPU
	EndGlobalSection
	GlobalSection(SolutionProperties) = preSolution
		HideSolutionNode = FALSE
	EndGlobalSection
	GlobalSection(ExtensibilityGlobals) = postSolution
		SolutionGuid = {05269317-5B5E-402B-B621-2AAD548AAE0B}
	EndGlobalSection
EndGlobal
